// !$*UTF8*$!
{
	archiveVersion = 1;
	classes = {
	};
	objectVersion = 48;
	objects = {

/* Begin PBXBuildFile section */
		9F366A771F779FB00057B66B /* AppDelegate.swift in Sources */ = {isa = PBXBuildFile; fileRef = 9F366A761F779FB00057B66B /* AppDelegate.swift */; };
		9F366A791F779FB00057B66B /* ViewController.swift in Sources */ = {isa = PBXBuildFile; fileRef = 9F366A781F779FB00057B66B /* ViewController.swift */; };
		9F366A7C1F779FB00057B66B /* Main.storyboard in Resources */ = {isa = PBXBuildFile; fileRef = 9F366A7A1F779FB00057B66B /* Main.storyboard */; };
		9F366A7E1F779FB00057B66B /* Assets.xcassets in Resources */ = {isa = PBXBuildFile; fileRef = 9F366A7D1F779FB00057B66B /* Assets.xcassets */; };
		9F366A811F779FB00057B66B /* LaunchScreen.storyboard in Resources */ = {isa = PBXBuildFile; fileRef = 9F366A7F1F779FB00057B66B /* LaunchScreen.storyboard */; };
		9F366A8C1F779FB00057B66B /* Travis_DemoTests.swift in Sources */ = {isa = PBXBuildFile; fileRef = 9F366A8B1F779FB00057B66B /* Travis_DemoTests.swift */; };
/* End PBXBuildFile section */

/* Begin PBXContainerItemProxy section */
		9F366A881F779FB00057B66B /* PBXContainerItemProxy */ = {
			isa = PBXContainerItemProxy;
			containerPortal = 9F366A6B1F779FB00057B66B /* Project object */;
			proxyType = 1;
			remoteGlobalIDString = 9F366A721F779FB00057B66B;
			remoteInfo = "Travis-Demo";
		};
/* End PBXContainerItemProxy section */

/* Begin PBXFileReference section */
		9F366A731F779FB00057B66B /* Travis-Demo.app */ = {isa = PBXFileReference; explicitFileType = wrapper.application; includeInIndex = 0; path = "Travis-Demo.app"; sourceTree = BUILT_PRODUCTS_DIR; };
		9F366A761F779FB00057B66B /* AppDelegate.swift */ = {isa = PBXFileReference; lastKnownFileType = sourcecode.swift; path = AppDelegate.swift; sourceTree = "<group>"; };
		9F366A781F779FB00057B66B /* ViewController.swift */ = {isa = PBXFileReference; lastKnownFileType = sourcecode.swift; path = ViewController.swift; sourceTree = "<group>"; };
		9F366A7B1F779FB00057B66B /* Base */ = {isa = PBXFileReference; lastKnownFileType = file.storyboard; name = Base; path = Base.lproj/Main.storyboard; sourceTree = "<group>"; };
		9F366A7D1F779FB00057B66B /* Assets.xcassets */ = {isa = PBXFileReference; lastKnownFileType = folder.assetcatalog; path = Assets.xcassets; sourceTree = "<group>"; };
		9F366A801F779FB00057B66B /* Base */ = {isa = PBXFileReference; lastKnownFileType = file.storyboard; name = Base; path = Base.lproj/LaunchScreen.storyboard; sourceTree = "<group>"; };
		9F366A821F779FB00057B66B /* Info.plist */ = {isa = PBXFileReference; lastKnownFileType = text.plist.xml; path = Info.plist; sourceTree = "<group>"; };
		9F366A871F779FB00057B66B /* Travis-DemoTests.xctest */ = {isa = PBXFileReference; explicitFileType = wrapper.cfbundle; includeInIndex = 0; path = "Travis-DemoTests.xctest"; sourceTree = BUILT_PRODUCTS_DIR; };
		9F366A8B1F779FB00057B66B /* Travis_DemoTests.swift */ = {isa = PBXFileReference; lastKnownFileType = sourcecode.swift; path = Travis_DemoTests.swift; sourceTree = "<group>"; };
		9F366A8D1F779FB00057B66B /* Info.plist */ = {isa = PBXFileReference; lastKnownFileType = text.plist.xml; path = Info.plist; sourceTree = "<group>"; };
/* End PBXFileReference section */

/* Begin PBXFrameworksBuildPhase section */
		9F366A701F779FB00057B66B /* Frameworks */ = {
			isa = PBXFrameworksBuildPhase;
			buildActionMask = 2147483647;
			files = (
			);
			runOnlyForDeploymentPostprocessing = 0;
		};
		9F366A841F779FB00057B66B /* Frameworks */ = {
			isa = PBXFrameworksBuildPhase;
			buildActionMask = 2147483647;
			files = (
			);
			runOnlyForDeploymentPostprocessing = 0;
		};
/* End PBXFrameworksBuildPhase section */

/* Begin PBXGroup section */
		9F366A6A1F779FB00057B66B = {
			isa = PBXGroup;
			children = (
				9F366A751F779FB00057B66B /* Travis-Demo */,
				9F366A8A1F779FB00057B66B /* Travis-DemoTests */,
				9F366A741F779FB00057B66B /* Products */,
			);
			sourceTree = "<group>";
		};
		9F366A741F779FB00057B66B /* Products */ = {
			isa = PBXGroup;
			children = (
				9F366A731F779FB00057B66B /* Travis-Demo.app */,
				9F366A871F779FB00057B66B /* Travis-DemoTests.xctest */,
			);
			name = Products;
			sourceTree = "<group>";
		};
		9F366A751F779FB00057B66B /* Travis-Demo */ = {
			isa = PBXGroup;
			children = (
				9F366A761F779FB00057B66B /* AppDelegate.swift */,
				9F366A781F779FB00057B66B /* ViewController.swift */,
				9F366A7A1F779FB00057B66B /* Main.storyboard */,
				9F366A7D1F779FB00057B66B /* Assets.xcassets */,
				9F366A7F1F779FB00057B66B /* LaunchScreen.storyboard */,
				9F366A821F779FB00057B66B /* Info.plist */,
			);
			path = "Travis-Demo";
			sourceTree = "<group>";
		};
		9F366A8A1F779FB00057B66B /* Travis-DemoTests */ = {
			isa = PBXGroup;
			children = (
				9F366A8B1F779FB00057B66B /* Travis_DemoTests.swift */,
				9F366A8D1F779FB00057B66B /* Info.plist */,
			);
			path = "Travis-DemoTests";
			sourceTree = "<group>";
		};
/* End PBXGroup section */

/* Begin PBXNativeTarget section */
		9F366A721F779FB00057B66B /* Travis-Demo */ = {
			isa = PBXNativeTarget;
			buildConfigurationList = 9F366A901F779FB00057B66B /* Build configuration list for PBXNativeTarget "Travis-Demo" */;
			buildPhases = (
				9F366A6F1F779FB00057B66B /* Sources */,
				9F366A701F779FB00057B66B /* Frameworks */,
				9F366A711F779FB00057B66B /* Resources */,
			);
			buildRules = (
			);
			dependencies = (
			);
			name = "Travis-Demo";
			productName = "Travis-Demo";
			productReference = 9F366A731F779FB00057B66B /* Travis-Demo.app */;
			productType = "com.apple.product-type.application";
		};
		9F366A861F779FB00057B66B /* Travis-DemoTests */ = {
			isa = PBXNativeTarget;
			buildConfigurationList = 9F366A931F779FB00057B66B /* Build configuration list for PBXNativeTarget "Travis-DemoTests" */;
			buildPhases = (
				9F366A831F779FB00057B66B /* Sources */,
				9F366A841F779FB00057B66B /* Frameworks */,
				9F366A851F779FB00057B66B /* Resources */,
			);
			buildRules = (
			);
			dependencies = (
				9F366A891F779FB00057B66B /* PBXTargetDependency */,
			);
			name = "Travis-DemoTests";
			productName = "Travis-DemoTests";
			productReference = 9F366A871F779FB00057B66B /* Travis-DemoTests.xctest */;
			productType = "com.apple.product-type.bundle.unit-test";
		};
/* End PBXNativeTarget section */

/* Begin PBXProject section */
		9F366A6B1F779FB00057B66B /* Project object */ = {
			isa = PBXProject;
			attributes = {
				LastSwiftUpdateCheck = 0900;
				LastUpgradeCheck = 0900;
				ORGANIZATIONNAME = "Kiran Kunigiri";
				TargetAttributes = {
					9F366A721F779FB00057B66B = {
						CreatedOnToolsVersion = 9.0;
						ProvisioningStyle = Automatic;
					};
					9F366A861F779FB00057B66B = {
						CreatedOnToolsVersion = 9.0;
						ProvisioningStyle = Automatic;
						TestTargetID = 9F366A721F779FB00057B66B;
					};
				};
			};
			buildConfigurationList = 9F366A6E1F779FB00057B66B /* Build configuration list for PBXProject "Travis-Demo" */;
			compatibilityVersion = "Xcode 8.0";
			developmentRegion = en;
			hasScannedForEncodings = 0;
			knownRegions = (
				en,
				Base,
			);
			mainGroup = 9F366A6A1F779FB00057B66B;
			productRefGroup = 9F366A741F779FB00057B66B /* Products */;
			projectDirPath = "";
			projectRoot = "";
			targets = (
				9F366A721F779FB00057B66B /* Travis-Demo */,
				9F366A861F779FB00057B66B /* Travis-DemoTests */,
			);
		};
/* End PBXProject section */

/* Begin PBXResourcesBuildPhase section */
		9F366A711F779FB00057B66B /* Resources */ = {
			isa = PBXResourcesBuildPhase;
			buildActionMask = 2147483647;
			files = (
				9F366A811F779FB00057B66B /* LaunchScreen.storyboard in Resources */,
				9F366A7E1F779FB00057B66B /* Assets.xcassets in Resources */,
				9F366A7C1F779FB00057B66B /* Main.storyboard in Resources */,
			);
			runOnlyForDeploymentPostprocessing = 0;
		};
		9F366A851F779FB00057B66B /* Resources */ = {
			isa = PBXResourcesBuildPhase;
			buildActionMask = 2147483647;
			files = (
			);
			runOnlyForDeploymentPostprocessing = 0;
		};
/* End PBXResourcesBuildPhase section */

/* Begin PBXSourcesBuildPhase section */
		9F366A6F1F779FB00057B66B /* Sources */ = {
			isa = PBXSourcesBuildPhase;
			buildActionMask = 2147483647;
			files = (
				9F366A791F779FB00057B66B /* ViewController.swift in Sources */,
				9F366A771F779FB00057B66B /* AppDelegate.swift in Sources */,
			);
			runOnlyForDeploymentPostprocessing = 0;
		};
		9F366A831F779FB00057B66B /* Sources */ = {
			isa = PBXSourcesBuildPhase;
			buildActionMask = 2147483647;
			files = (
				9F366A8C1F779FB00057B66B /* Travis_DemoTests.swift in Sources */,
			);
			runOnlyForDeploymentPostprocessing = 0;
		};
/* End PBXSourcesBuildPhase section */

/* Begin PBXTargetDependency section */
		9F366A891F779FB00057B66B /* PBXTargetDependency */ = {
			isa = PBXTargetDependency;
			target = 9F366A721F779FB00057B66B /* Travis-Demo */;
			targetProxy = 9F366A881F779FB00057B66B /* PBXContainerItemProxy */;
		};
/* End PBXTargetDependency section */

/* Begin PBXVariantGroup section */
		9F366A7A1F779FB00057B66B /* Main.storyboard */ = {
			isa = PBXVariantGroup;
			children = (
				9F366A7B1F779FB00057B66B /* Base */,
			);
			name = Main.storyboard;
			sourceTree = "<group>";
		};
		9F366A7F1F779FB00057B66B /* LaunchScreen.storyboard */ = {
			isa = PBXVariantGroup;
			children = (
				9F366A801F779FB00057B66B /* Base */,
			);
			name = LaunchScreen.storyboard;
			sourceTree = "<group>";
		};
/* End PBXVariantGroup section */

/* Begin XCBuildConfiguration section */
		9F366A8E1F779FB00057B66B /* Debug */ = {
			isa = XCBuildConfiguration;
			buildSettings = {
				ALWAYS_SEARCH_USER_PATHS = NO;
				CLANG_ANALYZER_NONNULL = YES;
				CLANG_ANALYZER_NUMBER_OBJECT_CONVERSION = YES_AGGRESSIVE;
				CLANG_CXX_LANGUAGE_STANDARD = "gnu++14";
				CLANG_CXX_LIBRARY = "libc++";
				CLANG_ENABLE_MODULES = YES;
				CLANG_ENABLE_OBJC_ARC = YES;
				CLANG_WARN_BLOCK_CAPTURE_AUTORELEASING = YES;
				CLANG_WARN_BOOL_CONVERSION = YES;
				CLANG_WARN_COMMA = YES;
				CLANG_WARN_CONSTANT_CONVERSION = YES;
				CLANG_WARN_DIRECT_OBJC_ISA_USAGE = YES_ERROR;
				CLANG_WARN_DOCUMENTATION_COMMENTS = YES;
				CLANG_WARN_EMPTY_BODY = YES;
				CLANG_WARN_ENUM_CONVERSION = YES;
				CLANG_WARN_INFINITE_RECURSION = YES;
				CLANG_WARN_INT_CONVERSION = YES;
				CLANG_WARN_NON_LITERAL_NULL_CONVERSION = YES;
				CLANG_WARN_OBJC_LITERAL_CONVERSION = YES;
				CLANG_WARN_OBJC_ROOT_CLASS = YES_ERROR;
				CLANG_WARN_RANGE_LOOP_ANALYSIS = YES;
				CLANG_WARN_STRICT_PROTOTYPES = YES;
				CLANG_WARN_SUSPICIOUS_MOVE = YES;
				CLANG_WARN_UNGUARDED_AVAILABILITY = YES_AGGRESSIVE;
				CLANG_WARN_UNREACHABLE_CODE = YES;
				CLANG_WARN__DUPLICATE_METHOD_MATCH = YES;
				CODE_SIGN_IDENTITY = "iPhone Developer";
				COPY_PHASE_STRIP = NO;
				DEBUG_INFORMATION_FORMAT = dwarf;
				ENABLE_STRICT_OBJC_MSGSEND = YES;
				ENABLE_TESTABILITY = YES;
				GCC_C_LANGUAGE_STANDARD = gnu11;
				GCC_DYNAMIC_NO_PIC = NO;
				GCC_NO_COMMON_BLOCKS = YES;
				GCC_OPTIMIZATION_LEVEL = 0;
				GCC_PREPROCESSOR_DEFINITIONS = (
					"DEBUG=1",
					"$(inherited)",
				);
				GCC_WARN_64_TO_32_BIT_CONVERSION = YES;
				GCC_WARN_ABOUT_RETURN_TYPE = YES_ERROR;
				GCC_WARN_UNDECLARED_SELECTOR = YES;
				GCC_WARN_UNINITIALIZED_AUTOS = YES_AGGRESSIVE;
				GCC_WARN_UNUSED_FUNCTION = YES;
				GCC_WARN_UNUSED_VARIABLE = YES;
				IPHONEOS_DEPLOYMENT_TARGET = 11.0;
				MTL_ENABLE_DEBUG_INFO = YES;
				ONLY_ACTIVE_ARCH = YES;
				SDKROOT = iphoneos;
				SWIFT_ACTIVE_COMPILATION_CONDITIONS = DEBUG;
				SWIFT_OPTIMIZATION_LEVEL = "-Onone";
			};
			name = Debug;
		};
		9F366A8F1F779FB00057B66B /* Release */ = {
			isa = XCBuildConfiguration;
			buildSettings = {
				ALWAYS_SEARCH_USER_PATHS = NO;
				CLANG_ANALYZER_NONNULL = YES;
				CLANG_ANALYZER_NUMBER_OBJECT_CONVERSION = YES_AGGRESSIVE;
				CLANG_CXX_LANGUAGE_STANDARD = "gnu++14";
				CLANG_CXX_LIBRARY = "libc++";
				CLANG_ENABLE_MODULES = YES;
				CLANG_ENABLE_OBJC_ARC = YES;
				CLANG_WARN_BLOCK_CAPTURE_AUTORELEASING = YES;
				CLANG_WARN_BOOL_CONVERSION = YES;
				CLANG_WARN_COMMA = YES;
				CLANG_WARN_CONSTANT_CONVERSION = YES;
				CLANG_WARN_DIRECT_OBJC_ISA_USAGE = YES_ERROR;
				CLANG_WARN_DOCUMENTATION_COMMENTS = YES;
				CLANG_WARN_EMPTY_BODY = YES;
				CLANG_WARN_ENUM_CONVERSION = YES;
				CLANG_WARN_INFINITE_RECURSION = YES;
				CLANG_WARN_INT_CONVERSION = YES;
				CLANG_WARN_NON_LITERAL_NULL_CONVERSION = YES;
				CLANG_WARN_OBJC_LITERAL_CONVERSION = YES;
				CLANG_WARN_OBJC_ROOT_CLASS = YES_ERROR;
				CLANG_WARN_RANGE_LOOP_ANALYSIS = YES;
				CLANG_WARN_STRICT_PROTOTYPES = YES;
				CLANG_WARN_SUSPICIOUS_MOVE = YES;
				CLANG_WARN_UNGUARDED_AVAILABILITY = YES_AGGRESSIVE;
				CLANG_WARN_UNREACHABLE_CODE = YES;
				CLANG_WARN__DUPLICATE_METHOD_MATCH = YES;
				CODE_SIGN_IDENTITY = "iPhone Developer";
				COPY_PHASE_STRIP = NO;
				DEBUG_INFORMATION_FORMAT = "dwarf-with-dsym";
				ENABLE_NS_ASSERTIONS = NO;
				ENABLE_STRICT_OBJC_MSGSEND = YES;
				GCC_C_LANGUAGE_STANDARD = gnu11;
				GCC_NO_COMMON_BLOCKS = YES;
				GCC_WARN_64_TO_32_BIT_CONVERSION = YES;
				GCC_WARN_ABOUT_RETURN_TYPE = YES_ERROR;
				GCC_WARN_UNDECLARED_SELECTOR = YES;
				GCC_WARN_UNINITIALIZED_AUTOS = YES_AGGRESSIVE;
				GCC_WARN_UNUSED_FUNCTION = YES;
				GCC_WARN_UNUSED_VARIABLE = YES;
				IPHONEOS_DEPLOYMENT_TARGET = 11.0;
				MTL_ENABLE_DEBUG_INFO = NO;
				SDKROOT = iphoneos;
				SWIFT_OPTIMIZATION_LEVEL = "-Owholemodule";
				VALIDATE_PRODUCT = YES;
			};
			name = Release;
		};
		9F366A911F779FB00057B66B /* Debug */ = {
			isa = XCBuildConfiguration;
			buildSettings = {
				ASSETCATALOG_COMPILER_APPICON_NAME = AppIcon;
				CODE_SIGN_STYLE = Automatic;
				INFOPLIST_FILE = "Travis-Demo/Info.plist";
				LD_RUNPATH_SEARCH_PATHS = "$(inherited) @executable_path/Frameworks";
				PRODUCT_BUNDLE_IDENTIFIER = "self.edu.Travis-Demo";
				PRODUCT_NAME = "$(TARGET_NAME)";
				SWIFT_VERSION = 4.0;
				TARGETED_DEVICE_FAMILY = "1,2";
			};
			name = Debug;
		};
		9F366A921F779FB00057B66B /* Release */ = {
			isa = XCBuildConfiguration;
			buildSettings = {
				ASSETCATALOG_COMPILER_APPICON_NAME = AppIcon;
				CODE_SIGN_STYLE = Automatic;
				INFOPLIST_FILE = "Travis-Demo/Info.plist";
				LD_RUNPATH_SEARCH_PATHS = "$(inherited) @executable_path/Frameworks";
				PRODUCT_BUNDLE_IDENTIFIER = "self.edu.Travis-Demo";
				PRODUCT_NAME = "$(TARGET_NAME)";
				SWIFT_VERSION = 4.0;
				TARGETED_DEVICE_FAMILY = "1,2";
			};
			name = Release;
		};
		9F366A941F779FB00057B66B /* Debug */ = {
			isa = XCBuildConfiguration;
			buildSettings = {
				ALWAYS_EMBED_SWIFT_STANDARD_LIBRARIES = YES;
				BUNDLE_LOADER = "$(TEST_HOST)";
				CODE_SIGN_STYLE = Automatic;
				INFOPLIST_FILE = "Travis-DemoTests/Info.plist";
				LD_RUNPATH_SEARCH_PATHS = "$(inherited) @executable_path/Frameworks @loader_path/Frameworks";
				PRODUCT_BUNDLE_IDENTIFIER = "self.edu.Travis-DemoTests";
				PRODUCT_NAME = "$(TARGET_NAME)";
				SWIFT_VERSION = 4.0;
				TARGETED_DEVICE_FAMILY = "1,2";
				TEST_HOST = "$(BUILT_PRODUCTS_DIR)/Travis-Demo.app/Travis-Demo";
			};
			name = Debug;
		};
		9F366A951F779FB00057B66B /* Release */ = {
			isa = XCBuildConfiguration;
			buildSettings = {
				ALWAYS_EMBED_SWIFT_STANDARD_LIBRARIES = YES;
				BUNDLE_LOADER = "$(TEST_HOST)";
				CODE_SIGN_STYLE = Automatic;
				INFOPLIST_FILE = "Travis-DemoTests/Info.plist";
				LD_RUNPATH_SEARCH_PATHS = "$(inherited) @executable_path/Frameworks @loader_path/Frameworks";
				PRODUCT_BUNDLE_IDENTIFIER = "self.edu.Travis-DemoTests";
				PRODUCT_NAME = "$(TARGET_NAME)";
				SWIFT_VERSION = 4.0;
				TARGETED_DEVICE_FAMILY = "1,2";
				TEST_HOST = "$(BUILT_PRODUCTS_DIR)/Travis-Demo.app/Travis-Demo";
			};
			name = Release;
		};
/* End XCBuildConfiguration section */

/* Begin XCConfigurationList section */
		9F366A6E1F779FB00057B66B /* Build configuration list for PBXProject "Travis-Demo" */ = {
			isa = XCConfigurationList;
			buildConfigurations = (
				9F366A8E1F779FB00057B66B /* Debug */,
				9F366A8F1F779FB00057B66B /* Release */,
			);
			defaultConfigurationIsVisible = 0;
			defaultConfigurationName = Release;
		};
		9F366A901F779FB00057B66B /* Build configuration list for PBXNativeTarget "Travis-Demo" */ = {
			isa = XCConfigurationList;
			buildConfigurations = (
				9F366A911F779FB00057B66B /* Debug */,
				9F366A921F779FB00057B66B /* Release */,
			);
			defaultConfigurationIsVisible = 0;
			defaultConfigurationName = Release;
		};
		9F366A931F779FB00057B66B /* Build configuration list for PBXNativeTarget "Travis-DemoTests" */ = {
			isa = XCConfigurationList;
			buildConfigurations = (
				9F366A941F779FB00057B66B /* Debug */,
				9F366A951F779FB00057B66B /* Release */,
			);
			defaultConfigurationIsVisible = 0;
			defaultConfigurationName = Release;
		};
/* End XCConfigurationList section */
	};
	rootObject = 9F366A6B1F779FB00057B66B /* Project object */;
}
